// !$*UTF8*$!
{
	archiveVersion = 1;
	classes = {
	};
	objectVersion = 48;
	objects = {

/* Begin PBXBuildFile section */
		34EFE78D20123047001EBFB8 /* ItemTableViewCellTests.swift in Sources */ = {isa = PBXBuildFile; fileRef = 34EFE78C20123047001EBFB8 /* ItemTableViewCellTests.swift */; };
		F140BAC220160AB30033C0B2 /* ItemTests.swift in Sources */ = {isa = PBXBuildFile; fileRef = F140BAC020160AB30033C0B2 /* ItemTests.swift */; };
		F140BAC320160AB30033C0B2 /* ItemsManagerTests.swift in Sources */ = {isa = PBXBuildFile; fileRef = F140BAC120160AB30033C0B2 /* ItemsManagerTests.swift */; };
		F199DA182011D0F500FB260C /* AppDelegate.swift in Sources */ = {isa = PBXBuildFile; fileRef = F199DA172011D0F500FB260C /* AppDelegate.swift */; };
		F199DA1A2011D0F500FB260C /* ItemsTableViewController.swift in Sources */ = {isa = PBXBuildFile; fileRef = F199DA192011D0F500FB260C /* ItemsTableViewController.swift */; };
		F199DA1F2011D0F500FB260C /* Assets.xcassets in Resources */ = {isa = PBXBuildFile; fileRef = F199DA1E2011D0F500FB260C /* Assets.xcassets */; };
		F199DA222011D0F500FB260C /* LaunchScreen.storyboard in Resources */ = {isa = PBXBuildFile; fileRef = F199DA202011D0F500FB260C /* LaunchScreen.storyboard */; };
		F199DA392011D2C500FB260C /* Item.swift in Sources */ = {isa = PBXBuildFile; fileRef = F199DA382011D2C500FB260C /* Item.swift */; };
		F199DA3E2011DAAA00FB260C /* ItemsManager.swift in Sources */ = {isa = PBXBuildFile; fileRef = F199DA3D2011DAAA00FB260C /* ItemsManager.swift */; };
		F1ACB72E201710EB00DE6DF0 /* ItemViewController.swift in Sources */ = {isa = PBXBuildFile; fileRef = F1ACB72D201710EB00DE6DF0 /* ItemViewController.swift */; };
		F1C35AEC201486A800433BD2 /* README.md in Resources */ = {isa = PBXBuildFile; fileRef = F1C35AEB201486A800433BD2 /* README.md */; };
		F1C35AEE20149F6400433BD2 /* ItemsTableViewController.xib in Resources */ = {isa = PBXBuildFile; fileRef = F1C35AED20149F6400433BD2 /* ItemsTableViewController.xib */; };
		F1C35AF02014AB3500433BD2 /* ItemsTableViewCell.swift in Sources */ = {isa = PBXBuildFile; fileRef = F1C35AEF2014AB3500433BD2 /* ItemsTableViewCell.swift */; };
		F1C35AF62015555900433BD2 /* ItemsTableViewCell.xib in Resources */ = {isa = PBXBuildFile; fileRef = F1C35AF52015555900433BD2 /* ItemsTableViewCell.xib */; };
/* End PBXBuildFile section */

/* Begin PBXContainerItemProxy section */
		F199DA292011D0F500FB260C /* PBXContainerItemProxy */ = {
			isa = PBXContainerItemProxy;
			containerPortal = F199DA0C2011D0F500FB260C /* Project object */;
			proxyType = 1;
			remoteGlobalIDString = F199DA132011D0F500FB260C;
			remoteInfo = Lister;
		};
/* End PBXContainerItemProxy section */

/* Begin PBXFileReference section */
		34EFE78C20123047001EBFB8 /* ItemTableViewCellTests.swift */ = {isa = PBXFileReference; lastKnownFileType = sourcecode.swift; path = ItemTableViewCellTests.swift; sourceTree = "<group>"; };
		F140BAC020160AB30033C0B2 /* ItemTests.swift */ = {isa = PBXFileReference; fileEncoding = 4; lastKnownFileType = sourcecode.swift; name = ItemTests.swift; path = ListerTests/Item/ItemTests.swift; sourceTree = SOURCE_ROOT; };
		F140BAC120160AB30033C0B2 /* ItemsManagerTests.swift */ = {isa = PBXFileReference; fileEncoding = 4; lastKnownFileType = sourcecode.swift; name = ItemsManagerTests.swift; path = ListerTests/Item/ItemsManagerTests.swift; sourceTree = SOURCE_ROOT; };
		F199DA142011D0F500FB260C /* Lister.app */ = {isa = PBXFileReference; explicitFileType = wrapper.application; includeInIndex = 0; path = Lister.app; sourceTree = BUILT_PRODUCTS_DIR; };
		F199DA172011D0F500FB260C /* AppDelegate.swift */ = {isa = PBXFileReference; lastKnownFileType = sourcecode.swift; path = AppDelegate.swift; sourceTree = "<group>"; };
		F199DA192011D0F500FB260C /* ItemsTableViewController.swift */ = {isa = PBXFileReference; lastKnownFileType = sourcecode.swift; path = ItemsTableViewController.swift; sourceTree = "<group>"; };
		F199DA1E2011D0F500FB260C /* Assets.xcassets */ = {isa = PBXFileReference; lastKnownFileType = folder.assetcatalog; path = Assets.xcassets; sourceTree = "<group>"; };
		F199DA212011D0F500FB260C /* Base */ = {isa = PBXFileReference; lastKnownFileType = file.storyboard; name = Base; path = Base.lproj/LaunchScreen.storyboard; sourceTree = "<group>"; };
		F199DA232011D0F500FB260C /* Info.plist */ = {isa = PBXFileReference; lastKnownFileType = text.plist.xml; path = Info.plist; sourceTree = "<group>"; };
		F199DA282011D0F500FB260C /* ListerTests.xctest */ = {isa = PBXFileReference; explicitFileType = wrapper.cfbundle; includeInIndex = 0; path = ListerTests.xctest; sourceTree = BUILT_PRODUCTS_DIR; };
		F199DA2E2011D0F500FB260C /* Info.plist */ = {isa = PBXFileReference; lastKnownFileType = text.plist.xml; path = Info.plist; sourceTree = "<group>"; };
		F199DA382011D2C500FB260C /* Item.swift */ = {isa = PBXFileReference; lastKnownFileType = sourcecode.swift; path = Item.swift; sourceTree = "<group>"; };
		F199DA3D2011DAAA00FB260C /* ItemsManager.swift */ = {isa = PBXFileReference; lastKnownFileType = sourcecode.swift; path = ItemsManager.swift; sourceTree = "<group>"; };
		F1ACB72D201710EB00DE6DF0 /* ItemViewController.swift */ = {isa = PBXFileReference; lastKnownFileType = sourcecode.swift; path = ItemViewController.swift; sourceTree = "<group>"; };
		F1C35AEB201486A800433BD2 /* README.md */ = {isa = PBXFileReference; fileEncoding = 4; lastKnownFileType = net.daringfireball.markdown; path = README.md; sourceTree = "<group>"; };
		F1C35AED20149F6400433BD2 /* ItemsTableViewController.xib */ = {isa = PBXFileReference; lastKnownFileType = file.xib; path = ItemsTableViewController.xib; sourceTree = "<group>"; };
		F1C35AEF2014AB3500433BD2 /* ItemsTableViewCell.swift */ = {isa = PBXFileReference; lastKnownFileType = sourcecode.swift; path = ItemsTableViewCell.swift; sourceTree = "<group>"; };
		F1C35AF52015555900433BD2 /* ItemsTableViewCell.xib */ = {isa = PBXFileReference; lastKnownFileType = file.xib; path = ItemsTableViewCell.xib; sourceTree = "<group>"; };
/* End PBXFileReference section */

/* Begin PBXFrameworksBuildPhase section */
		F199DA112011D0F500FB260C /* Frameworks */ = {
			isa = PBXFrameworksBuildPhase;
			buildActionMask = 2147483647;
			files = (
			);
			runOnlyForDeploymentPostprocessing = 0;
		};
		F199DA252011D0F500FB260C /* Frameworks */ = {
			isa = PBXFrameworksBuildPhase;
			buildActionMask = 2147483647;
			files = (
			);
			runOnlyForDeploymentPostprocessing = 0;
		};
/* End PBXFrameworksBuildPhase section */

/* Begin PBXGroup section */
		F140BABF20160A610033C0B2 /* Item */ = {
			isa = PBXGroup;
			children = (
				F140BAC120160AB30033C0B2 /* ItemsManagerTests.swift */,
				F140BAC020160AB30033C0B2 /* ItemTests.swift */,
			);
			name = Item;
			path = "New Group";
			sourceTree = "<group>";
		};
		F199DA0B2011D0F500FB260C = {
			isa = PBXGroup;
			children = (
				F1C35AEB201486A800433BD2 /* README.md */,
				F199DA162011D0F500FB260C /* Lister */,
				F199DA2B2011D0F500FB260C /* ListerTests */,
				F199DA152011D0F500FB260C /* Products */,
			);
			sourceTree = "<group>";
		};
		F199DA152011D0F500FB260C /* Products */ = {
			isa = PBXGroup;
			children = (
				F199DA142011D0F500FB260C /* Lister.app */,
				F199DA282011D0F500FB260C /* ListerTests.xctest */,
			);
			name = Products;
			sourceTree = "<group>";
		};
		F199DA162011D0F500FB260C /* Lister */ = {
			isa = PBXGroup;
			children = (
				F199DA172011D0F500FB260C /* AppDelegate.swift */,
				F199DA202011D0F500FB260C /* LaunchScreen.storyboard */,
				F199DA232011D0F500FB260C /* Info.plist */,
				F199DA372011D2A300FB260C /* Item */,
				F1ACB72F2017110400DE6DF0 /* ItemsTable */,
				F199DA1E2011D0F500FB260C /* Assets.xcassets */,
			);
			path = Lister;
			sourceTree = "<group>";
		};
		F199DA2B2011D0F500FB260C /* ListerTests */ = {
			isa = PBXGroup;
			children = (
				F140BABF20160A610033C0B2 /* Item */,
				34EFE78C20123047001EBFB8 /* ItemTableViewCellTests.swift */,
				F199DA2E2011D0F500FB260C /* Info.plist */,
			);
			path = ListerTests;
			sourceTree = "<group>";
		};
		F199DA372011D2A300FB260C /* Item */ = {
			isa = PBXGroup;
			children = (
				F199DA382011D2C500FB260C /* Item.swift */,
				F199DA3D2011DAAA00FB260C /* ItemsManager.swift */,
				F1ACB72D201710EB00DE6DF0 /* ItemViewController.swift */,
			);
			path = Item;
			sourceTree = "<group>";
		};
		F1ACB72F2017110400DE6DF0 /* ItemsTable */ = {
			isa = PBXGroup;
			children = (
				F199DA192011D0F500FB260C /* ItemsTableViewController.swift */,
				F1C35AED20149F6400433BD2 /* ItemsTableViewController.xib */,
				F1C35AEF2014AB3500433BD2 /* ItemsTableViewCell.swift */,
				F1C35AF52015555900433BD2 /* ItemsTableViewCell.xib */,
			);
			path = ItemsTable;
			sourceTree = "<group>";
		};
/* End PBXGroup section */

/* Begin PBXNativeTarget section */
		F199DA132011D0F500FB260C /* Lister */ = {
			isa = PBXNativeTarget;
			buildConfigurationList = F199DA312011D0F500FB260C /* Build configuration list for PBXNativeTarget "Lister" */;
			buildPhases = (
				F199DA102011D0F500FB260C /* Sources */,
				F199DA112011D0F500FB260C /* Frameworks */,
				F199DA122011D0F500FB260C /* Resources */,
			);
			buildRules = (
			);
			dependencies = (
			);
			name = Lister;
			productName = Lister;
			productReference = F199DA142011D0F500FB260C /* Lister.app */;
			productType = "com.apple.product-type.application";
		};
		F199DA272011D0F500FB260C /* ListerTests */ = {
			isa = PBXNativeTarget;
			buildConfigurationList = F199DA342011D0F500FB260C /* Build configuration list for PBXNativeTarget "ListerTests" */;
			buildPhases = (
				F199DA242011D0F500FB260C /* Sources */,
				F199DA252011D0F500FB260C /* Frameworks */,
				F199DA262011D0F500FB260C /* Resources */,
			);
			buildRules = (
			);
			dependencies = (
				F199DA2A2011D0F500FB260C /* PBXTargetDependency */,
			);
			name = ListerTests;
			productName = ListerTests;
			productReference = F199DA282011D0F500FB260C /* ListerTests.xctest */;
			productType = "com.apple.product-type.bundle.unit-test";
		};
/* End PBXNativeTarget section */

/* Begin PBXProject section */
		F199DA0C2011D0F500FB260C /* Project object */ = {
			isa = PBXProject;
			attributes = {
				LastSwiftUpdateCheck = 0920;
				LastUpgradeCheck = 0920;
				ORGANIZATIONNAME = "Vincent O'Sullivan";
				TargetAttributes = {
					F199DA132011D0F500FB260C = {
						CreatedOnToolsVersion = 9.2;
						ProvisioningStyle = Automatic;
					};
					F199DA272011D0F500FB260C = {
						CreatedOnToolsVersion = 9.2;
						ProvisioningStyle = Automatic;
						TestTargetID = F199DA132011D0F500FB260C;
					};
				};
			};
			buildConfigurationList = F199DA0F2011D0F500FB260C /* Build configuration list for PBXProject "Lister" */;
			compatibilityVersion = "Xcode 8.0";
			developmentRegion = en;
			hasScannedForEncodings = 0;
			knownRegions = (
				en,
				Base,
			);
			mainGroup = F199DA0B2011D0F500FB260C;
			productRefGroup = F199DA152011D0F500FB260C /* Products */;
			projectDirPath = "";
			projectRoot = "";
			targets = (
				F199DA132011D0F500FB260C /* Lister */,
				F199DA272011D0F500FB260C /* ListerTests */,
			);
		};
/* End PBXProject section */

/* Begin PBXResourcesBuildPhase section */
		F199DA122011D0F500FB260C /* Resources */ = {
			isa = PBXResourcesBuildPhase;
			buildActionMask = 2147483647;
			files = (
				F199DA222011D0F500FB260C /* LaunchScreen.storyboard in Resources */,
				F199DA1F2011D0F500FB260C /* Assets.xcassets in Resources */,
				F1C35AEE20149F6400433BD2 /* ItemsTableViewController.xib in Resources */,
				F1C35AF62015555900433BD2 /* ItemsTableViewCell.xib in Resources */,
				F1C35AEC201486A800433BD2 /* README.md in Resources */,
			);
			runOnlyForDeploymentPostprocessing = 0;
		};
		F199DA262011D0F500FB260C /* Resources */ = {
			isa = PBXResourcesBuildPhase;
			buildActionMask = 2147483647;
			files = (
			);
			runOnlyForDeploymentPostprocessing = 0;
		};
/* End PBXResourcesBuildPhase section */

/* Begin PBXSourcesBuildPhase section */
		F199DA102011D0F500FB260C /* Sources */ = {
			isa = PBXSourcesBuildPhase;
			buildActionMask = 2147483647;
			files = (
				F199DA392011D2C500FB260C /* Item.swift in Sources */,
				F199DA3E2011DAAA00FB260C /* ItemsManager.swift in Sources */,
				F199DA1A2011D0F500FB260C /* ItemsTableViewController.swift in Sources */,
				F199DA182011D0F500FB260C /* AppDelegate.swift in Sources */,
				F1C35AF02014AB3500433BD2 /* ItemsTableViewCell.swift in Sources */,
				F1ACB72E201710EB00DE6DF0 /* ItemViewController.swift in Sources */,
			);
			runOnlyForDeploymentPostprocessing = 0;
		};
		F199DA242011D0F500FB260C /* Sources */ = {
			isa = PBXSourcesBuildPhase;
			buildActionMask = 2147483647;
			files = (
				F140BAC220160AB30033C0B2 /* ItemTests.swift in Sources */,
				F140BAC320160AB30033C0B2 /* ItemsManagerTests.swift in Sources */,
				34EFE78D20123047001EBFB8 /* ItemTableViewCellTests.swift in Sources */,
			);
			runOnlyForDeploymentPostprocessing = 0;
		};
/* End PBXSourcesBuildPhase section */

/* Begin PBXTargetDependency section */
		F199DA2A2011D0F500FB260C /* PBXTargetDependency */ = {
			isa = PBXTargetDependency;
			target = F199DA132011D0F500FB260C /* Lister */;
			targetProxy = F199DA292011D0F500FB260C /* PBXContainerItemProxy */;
		};
/* End PBXTargetDependency section */

/* Begin PBXVariantGroup section */
		F199DA202011D0F500FB260C /* LaunchScreen.storyboard */ = {
			isa = PBXVariantGroup;
			children = (
				F199DA212011D0F500FB260C /* Base */,
			);
			name = LaunchScreen.storyboard;
			sourceTree = "<group>";
		};
/* End PBXVariantGroup section */

/* Begin XCBuildConfiguration section */
		F199DA2F2011D0F500FB260C /* Debug */ = {
			isa = XCBuildConfiguration;
			buildSettings = {
				ALWAYS_SEARCH_USER_PATHS = NO;
				CLANG_ANALYZER_NONNULL = YES;
				CLANG_ANALYZER_NUMBER_OBJECT_CONVERSION = YES_AGGRESSIVE;
				CLANG_CXX_LANGUAGE_STANDARD = "gnu++14";
				CLANG_CXX_LIBRARY = "libc++";
				CLANG_ENABLE_MODULES = YES;
				CLANG_ENABLE_OBJC_ARC = YES;
				CLANG_WARN_BLOCK_CAPTURE_AUTORELEASING = YES;
				CLANG_WARN_BOOL_CONVERSION = YES;
				CLANG_WARN_COMMA = YES;
				CLANG_WARN_CONSTANT_CONVERSION = YES;
				CLANG_WARN_DIRECT_OBJC_ISA_USAGE = YES_ERROR;
				CLANG_WARN_DOCUMENTATION_COMMENTS = YES;
				CLANG_WARN_EMPTY_BODY = YES;
				CLANG_WARN_ENUM_CONVERSION = YES;
				CLANG_WARN_INFINITE_RECURSION = YES;
				CLANG_WARN_INT_CONVERSION = YES;
				CLANG_WARN_NON_LITERAL_NULL_CONVERSION = YES;
				CLANG_WARN_OBJC_LITERAL_CONVERSION = YES;
				CLANG_WARN_OBJC_ROOT_CLASS = YES_ERROR;
				CLANG_WARN_RANGE_LOOP_ANALYSIS = YES;
				CLANG_WARN_STRICT_PROTOTYPES = YES;
				CLANG_WARN_SUSPICIOUS_MOVE = YES;
				CLANG_WARN_UNGUARDED_AVAILABILITY = YES_AGGRESSIVE;
				CLANG_WARN_UNREACHABLE_CODE = YES;
				CLANG_WARN__DUPLICATE_METHOD_MATCH = YES;
				CODE_SIGN_IDENTITY = "iPhone Developer";
				COPY_PHASE_STRIP = NO;
				DEBUG_INFORMATION_FORMAT = dwarf;
				ENABLE_STRICT_OBJC_MSGSEND = YES;
				ENABLE_TESTABILITY = YES;
				GCC_C_LANGUAGE_STANDARD = gnu11;
				GCC_DYNAMIC_NO_PIC = NO;
				GCC_NO_COMMON_BLOCKS = YES;
				GCC_OPTIMIZATION_LEVEL = 0;
				GCC_PREPROCESSOR_DEFINITIONS = (
					"DEBUG=1",
					"$(inherited)",
				);
				GCC_WARN_64_TO_32_BIT_CONVERSION = YES;
				GCC_WARN_ABOUT_RETURN_TYPE = YES_ERROR;
				GCC_WARN_UNDECLARED_SELECTOR = YES;
				GCC_WARN_UNINITIALIZED_AUTOS = YES_AGGRESSIVE;
				GCC_WARN_UNUSED_FUNCTION = YES;
				GCC_WARN_UNUSED_VARIABLE = YES;
				IPHONEOS_DEPLOYMENT_TARGET = 11.2;
				MTL_ENABLE_DEBUG_INFO = YES;
				ONLY_ACTIVE_ARCH = YES;
				SDKROOT = iphoneos;
				SWIFT_ACTIVE_COMPILATION_CONDITIONS = DEBUG;
				SWIFT_OPTIMIZATION_LEVEL = "-Onone";
			};
			name = Debug;
		};
		F199DA302011D0F500FB260C /* Release */ = {
			isa = XCBuildConfiguration;
			buildSettings = {
				ALWAYS_SEARCH_USER_PATHS = NO;
				CLANG_ANALYZER_NONNULL = YES;
				CLANG_ANALYZER_NUMBER_OBJECT_CONVERSION = YES_AGGRESSIVE;
				CLANG_CXX_LANGUAGE_STANDARD = "gnu++14";
				CLANG_CXX_LIBRARY = "libc++";
				CLANG_ENABLE_MODULES = YES;
				CLANG_ENABLE_OBJC_ARC = YES;
				CLANG_WARN_BLOCK_CAPTURE_AUTORELEASING = YES;
				CLANG_WARN_BOOL_CONVERSION = YES;
				CLANG_WARN_COMMA = YES;
				CLANG_WARN_CONSTANT_CONVERSION = YES;
				CLANG_WARN_DIRECT_OBJC_ISA_USAGE = YES_ERROR;
				CLANG_WARN_DOCUMENTATION_COMMENTS = YES;
				CLANG_WARN_EMPTY_BODY = YES;
				CLANG_WARN_ENUM_CONVERSION = YES;
				CLANG_WARN_INFINITE_RECURSION = YES;
				CLANG_WARN_INT_CONVERSION = YES;
				CLANG_WARN_NON_LITERAL_NULL_CONVERSION = YES;
				CLANG_WARN_OBJC_LITERAL_CONVERSION = YES;
				CLANG_WARN_OBJC_ROOT_CLASS = YES_ERROR;
				CLANG_WARN_RANGE_LOOP_ANALYSIS = YES;
				CLANG_WARN_STRICT_PROTOTYPES = YES;
				CLANG_WARN_SUSPICIOUS_MOVE = YES;
				CLANG_WARN_UNGUARDED_AVAILABILITY = YES_AGGRESSIVE;
				CLANG_WARN_UNREACHABLE_CODE = YES;
				CLANG_WARN__DUPLICATE_METHOD_MATCH = YES;
				CODE_SIGN_IDENTITY = "iPhone Developer";
				COPY_PHASE_STRIP = NO;
				DEBUG_INFORMATION_FORMAT = "dwarf-with-dsym";
				ENABLE_NS_ASSERTIONS = NO;
				ENABLE_STRICT_OBJC_MSGSEND = YES;
				GCC_C_LANGUAGE_STANDARD = gnu11;
				GCC_NO_COMMON_BLOCKS = YES;
				GCC_WARN_64_TO_32_BIT_CONVERSION = YES;
				GCC_WARN_ABOUT_RETURN_TYPE = YES_ERROR;
				GCC_WARN_UNDECLARED_SELECTOR = YES;
				GCC_WARN_UNINITIALIZED_AUTOS = YES_AGGRESSIVE;
				GCC_WARN_UNUSED_FUNCTION = YES;
				GCC_WARN_UNUSED_VARIABLE = YES;
				IPHONEOS_DEPLOYMENT_TARGET = 11.2;
				MTL_ENABLE_DEBUG_INFO = NO;
				SDKROOT = iphoneos;
				SWIFT_OPTIMIZATION_LEVEL = "-Owholemodule";
				VALIDATE_PRODUCT = YES;
			};
			name = Release;
		};
		F199DA322011D0F500FB260C /* Debug */ = {
			isa = XCBuildConfiguration;
			buildSettings = {
				ASSETCATALOG_COMPILER_APPICON_NAME = AppIcon;
				CODE_SIGN_STYLE = Automatic;
				DEVELOPMENT_TEAM = 27QRRWZMS6;
				INFOPLIST_FILE = Lister/Info.plist;
				LD_RUNPATH_SEARCH_PATHS = "$(inherited) @executable_path/Frameworks";
				PRODUCT_BUNDLE_IDENTIFIER = com.vjosullivan.Lister;
				PRODUCT_NAME = "$(TARGET_NAME)";
				SWIFT_VERSION = 4.0;
				TARGETED_DEVICE_FAMILY = "1,2";
			};
			name = Debug;
		};
		F199DA332011D0F500FB260C /* Release */ = {
			isa = XCBuildConfiguration;
			buildSettings = {
				ASSETCATALOG_COMPILER_APPICON_NAME = AppIcon;
				CODE_SIGN_STYLE = Automatic;
				DEVELOPMENT_TEAM = 27QRRWZMS6;
				INFOPLIST_FILE = Lister/Info.plist;
				LD_RUNPATH_SEARCH_PATHS = "$(inherited) @executable_path/Frameworks";
				PRODUCT_BUNDLE_IDENTIFIER = com.vjosullivan.Lister;
				PRODUCT_NAME = "$(TARGET_NAME)";
				SWIFT_VERSION = 4.0;
				TARGETED_DEVICE_FAMILY = "1,2";
			};
			name = Release;
		};
		F199DA352011D0F500FB260C /* Debug */ = {
			isa = XCBuildConfiguration;
			buildSettings = {
				ALWAYS_EMBED_SWIFT_STANDARD_LIBRARIES = YES;
				BUNDLE_LOADER = "$(TEST_HOST)";
				CODE_SIGN_STYLE = Automatic;
				DEVELOPMENT_TEAM = 27QRRWZMS6;
				INFOPLIST_FILE = ListerTests/Info.plist;
				LD_RUNPATH_SEARCH_PATHS = "$(inherited) @executable_path/Frameworks @loader_path/Frameworks";
				PRODUCT_BUNDLE_IDENTIFIER = com.vjosullivan.ListerTests;
				PRODUCT_NAME = "$(TARGET_NAME)";
				SWIFT_VERSION = 4.0;
				TARGETED_DEVICE_FAMILY = "1,2";
				TEST_HOST = "$(BUILT_PRODUCTS_DIR)/Lister.app/Lister";
			};
			name = Debug;
		};
		F199DA362011D0F500FB260C /* Release */ = {
			isa = XCBuildConfiguration;
			buildSettings = {
				ALWAYS_EMBED_SWIFT_STANDARD_LIBRARIES = YES;
				BUNDLE_LOADER = "$(TEST_HOST)";
				CODE_SIGN_STYLE = Automatic;
				DEVELOPMENT_TEAM = 27QRRWZMS6;
				INFOPLIST_FILE = ListerTests/Info.plist;
				LD_RUNPATH_SEARCH_PATHS = "$(inherited) @executable_path/Frameworks @loader_path/Frameworks";
				PRODUCT_BUNDLE_IDENTIFIER = com.vjosullivan.ListerTests;
				PRODUCT_NAME = "$(TARGET_NAME)";
				SWIFT_VERSION = 4.0;
				TARGETED_DEVICE_FAMILY = "1,2";
				TEST_HOST = "$(BUILT_PRODUCTS_DIR)/Lister.app/Lister";
			};
			name = Release;
		};
/* End XCBuildConfiguration section */

/* Begin XCConfigurationList section */
		F199DA0F2011D0F500FB260C /* Build configuration list for PBXProject "Lister" */ = {
			isa = XCConfigurationList;
			buildConfigurations = (
				F199DA2F2011D0F500FB260C /* Debug */,
				F199DA302011D0F500FB260C /* Release */,
			);
			defaultConfigurationIsVisible = 0;
			defaultConfigurationName = Release;
		};
		F199DA312011D0F500FB260C /* Build configuration list for PBXNativeTarget "Lister" */ = {
			isa = XCConfigurationList;
			buildConfigurations = (
				F199DA322011D0F500FB260C /* Debug */,
				F199DA332011D0F500FB260C /* Release */,
			);
			defaultConfigurationIsVisible = 0;
			defaultConfigurationName = Release;
		};
		F199DA342011D0F500FB260C /* Build configuration list for PBXNativeTarget "ListerTests" */ = {
			isa = XCConfigurationList;
			buildConfigurations = (
				F199DA352011D0F500FB260C /* Debug */,
				F199DA362011D0F500FB260C /* Release */,
			);
			defaultConfigurationIsVisible = 0;
			defaultConfigurationName = Release;
		};
/* End XCConfigurationList section */
	};
	rootObject = F199DA0C2011D0F500FB260C /* Project object */;
}
